
Microsoft Visual Studio Solution File, Format Version 12.00
# Visual Studio 15
VisualStudioVersion = 15.0.28307.757
MinimumVisualStudioVersion = 10.0.40219.1
Project("{FAE04EC0-301F-11D3-BF4B-00C04F79EFBC}") = "Miharu Scan Helper", "Miharu Scan Helper\Miharu Scan Helper.csproj", "{3B05384B-F790-44CB-B20D-E89DF7C9C3E9}"
EndProject
Global
	GlobalSection(SolutionConfigurationPlatforms) = preSolution
		Debug|Any CPU = Debug|Any CPU
		Release|Any CPU = Release|Any CPU
	EndGlobalSection
	GlobalSection(ProjectConfigurationPlatforms) = postSolution
		{3B05384B-F790-44CB-B20D-E89DF7C9C3E9}.Debug|Any CPU.ActiveCfg = Debug|Any CPU
		{3B05384B-F790-44CB-B20D-E89DF7C9C3E9}.Debug|Any CPU.Build.0 = Debug|Any CPU
		{3B05384B-F790-44CB-B20D-E89DF7C9C3E9}.Release|Any CPU.ActiveCfg = Release|Any CPU
		{3B05384B-F790-44CB-B20D-E89DF7C9C3E9}.Release|Any CPU.Build.0 = Release|Any CPU
	EndGlobalSection
	GlobalSection(SolutionProperties) = preSolution
		HideSolutionNode = FALSE
	EndGlobalSection
	GlobalSection(ExtensibilityGlobals) = postSolution
		SolutionGuid = {59EF2C18-EF7F-478F-BF2C-DA62047D8265}
	EndGlobalSection
EndGlobal
